
Microsoft Visual Studio Solution File, Format Version 12.00
# Visual Studio 15
VisualStudioVersion = 15.0.27130.2026
MinimumVisualStudioVersion = 10.0.40219.1
Project("{FAE04EC0-301F-11D3-BF4B-00C04F79EFBC}") = "XmlImporter", "XmlImporter\XmlImporter.csproj", "{97D37B4D-7B2A-47EF-8BC2-DFD0EB435490}"
EndProject
Global
	GlobalSection(SolutionConfigurationPlatforms) = preSolution
		Debug|Any CPU = Debug|Any CPU
		Release|Any CPU = Release|Any CPU
	EndGlobalSection
	GlobalSection(ProjectConfigurationPlatforms) = postSolution
		{97D37B4D-7B2A-47EF-8BC2-DFD0EB435490}.Debug|Any CPU.ActiveCfg = Debug|Any CPU
		{97D37B4D-7B2A-47EF-8BC2-DFD0EB435490}.Debug|Any CPU.Build.0 = Debug|Any CPU
		{97D37B4D-7B2A-47EF-8BC2-DFD0EB435490}.Release|Any CPU.ActiveCfg = Release|Any CPU
		{97D37B4D-7B2A-47EF-8BC2-DFD0EB435490}.Release|Any CPU.Build.0 = Release|Any CPU
	EndGlobalSection
	GlobalSection(SolutionProperties) = preSolution
		HideSolutionNode = FALSE
	EndGlobalSection
	GlobalSection(ExtensibilityGlobals) = postSolution
		SolutionGuid = {DA037901-5C84-486F-83A6-06C11C827AEF}
	EndGlobalSection
EndGlobal
