
Microsoft Visual Studio Solution File, Format Version 12.00
# Visual Studio 14
VisualStudioVersion = 14.0.25420.1
MinimumVisualStudioVersion = 10.0.40219.1
Project("{2150E333-8FDC-42A3-9474-1A3956D46DE8}") = "M-Files API", "M-Files API", "{BFC9716E-3A29-4482-9385-7301436D8010}"
EndProject
Project("{2150E333-8FDC-42A3-9474-1A3956D46DE8}") = "Vault Application Framework", "Vault Application Framework", "{64819656-F9ED-411C-827B-9EB4EBECF6E6}"
EndProject
Project("{2150E333-8FDC-42A3-9474-1A3956D46DE8}") = "UI Extensibility Framework", "UI Extensibility Framework", "{E20EB0FB-B3F1-409D-8DDC-F89D69BA6118}"
EndProject
Project("{FAE04EC0-301F-11D3-BF4B-00C04F79EFBC}") = "ChainWorkflows", "Samples\ChainWorkflows\src\ChainWorkflows\ChainWorkflows.csproj", "{721000F5-1A08-4E41-A594-94D7BB6F852C}"
EndProject
Project("{2150E333-8FDC-42A3-9474-1A3956D46DE8}") = "Libraries", "Libraries", "{BE3E4CF5-2166-4626-A6F6-9048FF78E37B}"
EndProject
Project("{FAE04EC0-301F-11D3-BF4B-00C04F79EFBC}") = "MFaaP.MFilesAPI", "Libraries\MFaaP.MFilesAPI\MFaaP.MFilesAPI.csproj", "{82567936-E6EB-45E5-9FAF-8EEFCD92F7BB}"
EndProject
Project("{2150E333-8FDC-42A3-9474-1A3956D46DE8}") = "Samples", "Samples", "{7A1A3026-5661-4EB2-B01D-81E714BAD0CD}"
EndProject
Project("{FAE04EC0-301F-11D3-BF4B-00C04F79EFBC}") = "SegmentedSearch", "Samples\SegmentedSearch\SegmentedSearch.csproj", "{5F9215B3-F0D3-4061-9064-B50C7F070AA1}"
EndProject
Project("{2150E333-8FDC-42A3-9474-1A3956D46DE8}") = "Searching", "Searching", "{C181BED6-870A-4C78-A156-57F922A556EB}"
EndProject
Global
	GlobalSection(SolutionConfigurationPlatforms) = preSolution
		Debug|Any CPU = Debug|Any CPU
		Release|Any CPU = Release|Any CPU
	EndGlobalSection
	GlobalSection(ProjectConfigurationPlatforms) = postSolution
		{721000F5-1A08-4E41-A594-94D7BB6F852C}.Debug|Any CPU.ActiveCfg = Debug|Any CPU
		{721000F5-1A08-4E41-A594-94D7BB6F852C}.Debug|Any CPU.Build.0 = Debug|Any CPU
		{721000F5-1A08-4E41-A594-94D7BB6F852C}.Release|Any CPU.ActiveCfg = Release|Any CPU
		{721000F5-1A08-4E41-A594-94D7BB6F852C}.Release|Any CPU.Build.0 = Release|Any CPU
		{82567936-E6EB-45E5-9FAF-8EEFCD92F7BB}.Debug|Any CPU.ActiveCfg = Debug|Any CPU
		{82567936-E6EB-45E5-9FAF-8EEFCD92F7BB}.Debug|Any CPU.Build.0 = Debug|Any CPU
		{82567936-E6EB-45E5-9FAF-8EEFCD92F7BB}.Release|Any CPU.ActiveCfg = Release|Any CPU
		{82567936-E6EB-45E5-9FAF-8EEFCD92F7BB}.Release|Any CPU.Build.0 = Release|Any CPU
		{5F9215B3-F0D3-4061-9064-B50C7F070AA1}.Debug|Any CPU.ActiveCfg = Debug|Any CPU
		{5F9215B3-F0D3-4061-9064-B50C7F070AA1}.Debug|Any CPU.Build.0 = Debug|Any CPU
		{5F9215B3-F0D3-4061-9064-B50C7F070AA1}.Release|Any CPU.ActiveCfg = Release|Any CPU
		{5F9215B3-F0D3-4061-9064-B50C7F070AA1}.Release|Any CPU.Build.0 = Release|Any CPU
	EndGlobalSection
	GlobalSection(SolutionProperties) = preSolution
		HideSolutionNode = FALSE
	EndGlobalSection
	GlobalSection(NestedProjects) = preSolution
		{BFC9716E-3A29-4482-9385-7301436D8010} = {7A1A3026-5661-4EB2-B01D-81E714BAD0CD}
		{64819656-F9ED-411C-827B-9EB4EBECF6E6} = {7A1A3026-5661-4EB2-B01D-81E714BAD0CD}
		{E20EB0FB-B3F1-409D-8DDC-F89D69BA6118} = {7A1A3026-5661-4EB2-B01D-81E714BAD0CD}
		{721000F5-1A08-4E41-A594-94D7BB6F852C} = {64819656-F9ED-411C-827B-9EB4EBECF6E6}
		{82567936-E6EB-45E5-9FAF-8EEFCD92F7BB} = {BE3E4CF5-2166-4626-A6F6-9048FF78E37B}
		{5F9215B3-F0D3-4061-9064-B50C7F070AA1} = {C181BED6-870A-4C78-A156-57F922A556EB}
		{C181BED6-870A-4C78-A156-57F922A556EB} = {BFC9716E-3A29-4482-9385-7301436D8010}
	EndGlobalSection
EndGlobal
