
Microsoft Visual Studio Solution File, Format Version 12.00
# Visual Studio Version 16
VisualStudioVersion = 16.0.29806.167
MinimumVisualStudioVersion = 10.0.40219.1
Project("{2150E333-8FDC-42A3-9474-1A3956D46DE8}") = "Libraries", "Libraries", "{BE3E4CF5-2166-4626-A6F6-9048FF78E37B}"
	ProjectSection(SolutionItems) = preProject
		Libraries\Readme.md = Libraries\Readme.md
	EndProjectSection
EndProject
Project("{2150E333-8FDC-42A3-9474-1A3956D46DE8}") = "Samples", "Samples", "{7A1A3026-5661-4EB2-B01D-81E714BAD0CD}"
	ProjectSection(SolutionItems) = preProject
		Samples\Readme.md = Samples\Readme.md
	EndProjectSection
EndProject
Project("{2150E333-8FDC-42A3-9474-1A3956D46DE8}") = "Solution Items", "Solution Items", "{C5D5538B-AC20-42FE-B5E1-566161D884B4}"
	ProjectSection(SolutionItems) = preProject
		Readme.md = Readme.md
	EndProjectSection
EndProject
Project("{2150E333-8FDC-42A3-9474-1A3956D46DE8}") = "M-Files Web Service", "M-Files Web Service", "{8248BD69-34EF-433D-B7D7-BE8722E0CAA5}"
EndProject
Project("{FAE04EC0-301F-11D3-BF4B-00C04F79EFBC}") = "MFWSSearching", "Samples\REST API\MFWSSearching\MFWSSearching.csproj", "{5E028DB1-361C-407B-99CF-68C0184583F5}"
EndProject
Project("{FAE04EC0-301F-11D3-BF4B-00C04F79EFBC}") = "MFWSDownloading", "Samples\REST API\MFWSDownloading\MFWSDownloading.csproj", "{0847D452-BC13-4A6F-83D7-6EF351C1C3F8}"
EndProject
Project("{FAE04EC0-301F-11D3-BF4B-00C04F79EFBC}") = "MFWSViewNavigation", "Samples\REST API\MFWSViewNavigation\MFWSViewNavigation.csproj", "{C14184FA-5940-43C6-A8D3-81D175B8AEF5}"
EndProject
Project("{FAE04EC0-301F-11D3-BF4B-00C04F79EFBC}") = "MFWSVaultStructure", "Samples\REST API\MFWSVaultStructure\MFWSVaultStructure.csproj", "{A5EFF65F-5D70-4A7B-9869-9A08FD85E132}"
EndProject
Project("{FAE04EC0-301F-11D3-BF4B-00C04F79EFBC}") = "MFWSCheckOutStatus", "Samples\REST API\MFWSCheckOutStatus\MFWSCheckOutStatus.csproj", "{5CDE9A3C-C7CF-45F9-BAC7-CACE11958DA4}"
EndProject
Global
	GlobalSection(SolutionConfigurationPlatforms) = preSolution
		Debug|Any CPU = Debug|Any CPU
		Release|Any CPU = Release|Any CPU
	EndGlobalSection
	GlobalSection(ProjectConfigurationPlatforms) = postSolution
		{5E028DB1-361C-407B-99CF-68C0184583F5}.Debug|Any CPU.ActiveCfg = Debug|Any CPU
		{5E028DB1-361C-407B-99CF-68C0184583F5}.Debug|Any CPU.Build.0 = Debug|Any CPU
		{5E028DB1-361C-407B-99CF-68C0184583F5}.Release|Any CPU.ActiveCfg = Release|Any CPU
		{5E028DB1-361C-407B-99CF-68C0184583F5}.Release|Any CPU.Build.0 = Release|Any CPU
		{0847D452-BC13-4A6F-83D7-6EF351C1C3F8}.Debug|Any CPU.ActiveCfg = Debug|Any CPU
		{0847D452-BC13-4A6F-83D7-6EF351C1C3F8}.Debug|Any CPU.Build.0 = Debug|Any CPU
		{0847D452-BC13-4A6F-83D7-6EF351C1C3F8}.Release|Any CPU.ActiveCfg = Release|Any CPU
		{0847D452-BC13-4A6F-83D7-6EF351C1C3F8}.Release|Any CPU.Build.0 = Release|Any CPU
		{C14184FA-5940-43C6-A8D3-81D175B8AEF5}.Debug|Any CPU.ActiveCfg = Debug|Any CPU
		{C14184FA-5940-43C6-A8D3-81D175B8AEF5}.Debug|Any CPU.Build.0 = Debug|Any CPU
		{C14184FA-5940-43C6-A8D3-81D175B8AEF5}.Release|Any CPU.ActiveCfg = Release|Any CPU
		{C14184FA-5940-43C6-A8D3-81D175B8AEF5}.Release|Any CPU.Build.0 = Release|Any CPU
		{A5EFF65F-5D70-4A7B-9869-9A08FD85E132}.Debug|Any CPU.ActiveCfg = Debug|Any CPU
		{A5EFF65F-5D70-4A7B-9869-9A08FD85E132}.Debug|Any CPU.Build.0 = Debug|Any CPU
		{A5EFF65F-5D70-4A7B-9869-9A08FD85E132}.Release|Any CPU.ActiveCfg = Release|Any CPU
		{A5EFF65F-5D70-4A7B-9869-9A08FD85E132}.Release|Any CPU.Build.0 = Release|Any CPU
		{5CDE9A3C-C7CF-45F9-BAC7-CACE11958DA4}.Debug|Any CPU.ActiveCfg = Debug|Any CPU
		{5CDE9A3C-C7CF-45F9-BAC7-CACE11958DA4}.Debug|Any CPU.Build.0 = Debug|Any CPU
		{5CDE9A3C-C7CF-45F9-BAC7-CACE11958DA4}.Release|Any CPU.ActiveCfg = Release|Any CPU
		{5CDE9A3C-C7CF-45F9-BAC7-CACE11958DA4}.Release|Any CPU.Build.0 = Release|Any CPU
	EndGlobalSection
	GlobalSection(SolutionProperties) = preSolution
		HideSolutionNode = FALSE
	EndGlobalSection
	GlobalSection(NestedProjects) = preSolution
		{8248BD69-34EF-433D-B7D7-BE8722E0CAA5} = {7A1A3026-5661-4EB2-B01D-81E714BAD0CD}
		{5E028DB1-361C-407B-99CF-68C0184583F5} = {8248BD69-34EF-433D-B7D7-BE8722E0CAA5}
		{0847D452-BC13-4A6F-83D7-6EF351C1C3F8} = {8248BD69-34EF-433D-B7D7-BE8722E0CAA5}
		{C14184FA-5940-43C6-A8D3-81D175B8AEF5} = {8248BD69-34EF-433D-B7D7-BE8722E0CAA5}
		{A5EFF65F-5D70-4A7B-9869-9A08FD85E132} = {8248BD69-34EF-433D-B7D7-BE8722E0CAA5}
		{5CDE9A3C-C7CF-45F9-BAC7-CACE11958DA4} = {8248BD69-34EF-433D-B7D7-BE8722E0CAA5}
	EndGlobalSection
	GlobalSection(ExtensibilityGlobals) = postSolution
		SolutionGuid = {2D3F8F51-F125-4BD1-A61F-DD38D005A423}
	EndGlobalSection
EndGlobal
