
Microsoft Visual Studio Solution File, Format Version 12.00
# Visual Studio Version 16
VisualStudioVersion = 16.0.31702.278
MinimumVisualStudioVersion = 10.0.40219.1
Project("{FAE04EC0-301F-11D3-BF4B-00C04F79EFBC}") = "MultiLingualConfiguration", "MultiLingualConfiguration\MultiLingualConfiguration.csproj", "{DBEA0E20-7C3A-49E2-B2B5-832DE0A3B113}"
EndProject
Global
	GlobalSection(SolutionConfigurationPlatforms) = preSolution
		Debug|Any CPU = Debug|Any CPU
		DebugWithoutDeployment|Any CPU = DebugWithoutDeployment|Any CPU
		Release|Any CPU = Release|Any CPU
	EndGlobalSection
	GlobalSection(ProjectConfigurationPlatforms) = postSolution
		{DBEA0E20-7C3A-49E2-B2B5-832DE0A3B113}.Debug|Any CPU.ActiveCfg = Debug|Any CPU
		{DBEA0E20-7C3A-49E2-B2B5-832DE0A3B113}.Debug|Any CPU.Build.0 = Debug|Any CPU
		{DBEA0E20-7C3A-49E2-B2B5-832DE0A3B113}.DebugWithoutDeployment|Any CPU.ActiveCfg = DebugWithoutDeployment|Any CPU
		{DBEA0E20-7C3A-49E2-B2B5-832DE0A3B113}.DebugWithoutDeployment|Any CPU.Build.0 = DebugWithoutDeployment|Any CPU
		{DBEA0E20-7C3A-49E2-B2B5-832DE0A3B113}.Release|Any CPU.ActiveCfg = Release|Any CPU
		{DBEA0E20-7C3A-49E2-B2B5-832DE0A3B113}.Release|Any CPU.Build.0 = Release|Any CPU
	EndGlobalSection
	GlobalSection(SolutionProperties) = preSolution
		HideSolutionNode = FALSE
	EndGlobalSection
	GlobalSection(ExtensibilityGlobals) = postSolution
		SolutionGuid = {5CC13EEE-FA24-4666-8272-EB8ECC1CE8E1}
	EndGlobalSection
EndGlobal
