
Microsoft Visual Studio Solution File, Format Version 12.00
# Visual Studio 14
VisualStudioVersion = 14.0.25420.1
MinimumVisualStudioVersion = 10.0.40219.1
Project("{FAE04EC0-301F-11D3-BF4B-00C04F79EFBC}") = "MFaaP.MFilesAPI", "MFaaP.MFilesAPI\MFaaP.MFilesAPI.csproj", "{82567936-E6EB-45E5-9FAF-8EEFCD92F7BB}"
EndProject
Project("{2150E333-8FDC-42A3-9474-1A3956D46DE8}") = "Solution Items", "Solution Items", "{8C8B8C81-769D-42EB-8724-78A0AA83ECC7}"
	ProjectSection(SolutionItems) = preProject
		Readme.md = Readme.md
	EndProjectSection
EndProject
Project("{2150E333-8FDC-42A3-9474-1A3956D46DE8}") = "Tests", "Tests", "{FBF98AE8-BB12-48C3-9BA0-7C793754719A}"
EndProject
Project("{FAE04EC0-301F-11D3-BF4B-00C04F79EFBC}") = "MFaaP.MFWSClient", "MFaaP.MFWSClient\MFaaP.MFWSClient.csproj", "{B28D0C6A-C87B-461D-BD12-D627E9F653FC}"
EndProject
Project("{FAE04EC0-301F-11D3-BF4B-00C04F79EFBC}") = "MFaaP.MFWSClient.Tests", "MFaaP.MFWSClient.Tests\MFaaP.MFWSClient.Tests.csproj", "{166EB0F7-92DC-4FE0-935F-55AFE17146D9}"
EndProject
Global
	GlobalSection(SolutionConfigurationPlatforms) = preSolution
		Debug|Any CPU = Debug|Any CPU
		Release|Any CPU = Release|Any CPU
	EndGlobalSection
	GlobalSection(ProjectConfigurationPlatforms) = postSolution
		{82567936-E6EB-45E5-9FAF-8EEFCD92F7BB}.Debug|Any CPU.ActiveCfg = Debug|Any CPU
		{82567936-E6EB-45E5-9FAF-8EEFCD92F7BB}.Debug|Any CPU.Build.0 = Debug|Any CPU
		{82567936-E6EB-45E5-9FAF-8EEFCD92F7BB}.Release|Any CPU.ActiveCfg = Release|Any CPU
		{82567936-E6EB-45E5-9FAF-8EEFCD92F7BB}.Release|Any CPU.Build.0 = Release|Any CPU
		{B28D0C6A-C87B-461D-BD12-D627E9F653FC}.Debug|Any CPU.ActiveCfg = Debug|Any CPU
		{B28D0C6A-C87B-461D-BD12-D627E9F653FC}.Debug|Any CPU.Build.0 = Debug|Any CPU
		{B28D0C6A-C87B-461D-BD12-D627E9F653FC}.Release|Any CPU.ActiveCfg = Release|Any CPU
		{B28D0C6A-C87B-461D-BD12-D627E9F653FC}.Release|Any CPU.Build.0 = Release|Any CPU
		{166EB0F7-92DC-4FE0-935F-55AFE17146D9}.Debug|Any CPU.ActiveCfg = Debug|Any CPU
		{166EB0F7-92DC-4FE0-935F-55AFE17146D9}.Debug|Any CPU.Build.0 = Debug|Any CPU
		{166EB0F7-92DC-4FE0-935F-55AFE17146D9}.Release|Any CPU.ActiveCfg = Release|Any CPU
		{166EB0F7-92DC-4FE0-935F-55AFE17146D9}.Release|Any CPU.Build.0 = Release|Any CPU
	EndGlobalSection
	GlobalSection(SolutionProperties) = preSolution
		HideSolutionNode = FALSE
	EndGlobalSection
	GlobalSection(NestedProjects) = preSolution
		{166EB0F7-92DC-4FE0-935F-55AFE17146D9} = {FBF98AE8-BB12-48C3-9BA0-7C793754719A}
	EndGlobalSection
EndGlobal
