
Microsoft Visual Studio Solution File, Format Version 12.00
# Visual Studio 14
VisualStudioVersion = 14.0.25420.1
MinimumVisualStudioVersion = 10.0.40219.1
Project("{FAE04EC0-301F-11D3-BF4B-00C04F79EFBC}") = "ExtOTDS.Json", "ExtOTDS.Json\ExtOTDS.Json.csproj", "{DF2D1C2E-E188-4EC6-92D1-4F2D2A45924D}"
EndProject
Project("{FAE04EC0-301F-11D3-BF4B-00C04F79EFBC}") = "JsonDataProvider", "JsonDataProvider\JsonDataProvider.csproj", "{65DB6718-E135-4E5B-A26E-4F5310F563FD}"
EndProject
Project("{FAE04EC0-301F-11D3-BF4B-00C04F79EFBC}") = "JsonDataProvider.Tests", "JsonDataProvider.Tests\JsonDataProvider.Tests.csproj", "{454AD3DB-2AD1-4C1B-933D-E075637F4038}"
EndProject
Project("{6141683F-8A12-4E36-9623-2EB02B2C2303}") = "Setup", "Setup\Setup.isproj", "{5C42D31D-F2F4-4F11-9E83-AF68DAFB7F08}"
	ProjectSection(ProjectDependencies) = postProject
		{65DB6718-E135-4E5B-A26E-4F5310F563FD} = {65DB6718-E135-4E5B-A26E-4F5310F563FD}
		{DF2D1C2E-E188-4EC6-92D1-4F2D2A45924D} = {DF2D1C2E-E188-4EC6-92D1-4F2D2A45924D}
	EndProjectSection
EndProject
Global
	GlobalSection(SolutionConfigurationPlatforms) = preSolution
		CD_ROM|Any CPU = CD_ROM|Any CPU
		Debug|Any CPU = Debug|Any CPU
		DVD-5|Any CPU = DVD-5|Any CPU
		Release|Any CPU = Release|Any CPU
		SingleImage|Any CPU = SingleImage|Any CPU
	EndGlobalSection
	GlobalSection(ProjectConfigurationPlatforms) = postSolution
		{DF2D1C2E-E188-4EC6-92D1-4F2D2A45924D}.CD_ROM|Any CPU.ActiveCfg = Release|Any CPU
		{DF2D1C2E-E188-4EC6-92D1-4F2D2A45924D}.CD_ROM|Any CPU.Build.0 = Release|Any CPU
		{DF2D1C2E-E188-4EC6-92D1-4F2D2A45924D}.Debug|Any CPU.ActiveCfg = Debug|Any CPU
		{DF2D1C2E-E188-4EC6-92D1-4F2D2A45924D}.Debug|Any CPU.Build.0 = Debug|Any CPU
		{DF2D1C2E-E188-4EC6-92D1-4F2D2A45924D}.DVD-5|Any CPU.ActiveCfg = Debug|Any CPU
		{DF2D1C2E-E188-4EC6-92D1-4F2D2A45924D}.DVD-5|Any CPU.Build.0 = Debug|Any CPU
		{DF2D1C2E-E188-4EC6-92D1-4F2D2A45924D}.Release|Any CPU.ActiveCfg = Release|Any CPU
		{DF2D1C2E-E188-4EC6-92D1-4F2D2A45924D}.Release|Any CPU.Build.0 = Release|Any CPU
		{DF2D1C2E-E188-4EC6-92D1-4F2D2A45924D}.SingleImage|Any CPU.ActiveCfg = Release|Any CPU
		{DF2D1C2E-E188-4EC6-92D1-4F2D2A45924D}.SingleImage|Any CPU.Build.0 = Release|Any CPU
		{65DB6718-E135-4E5B-A26E-4F5310F563FD}.CD_ROM|Any CPU.ActiveCfg = Release|Any CPU
		{65DB6718-E135-4E5B-A26E-4F5310F563FD}.CD_ROM|Any CPU.Build.0 = Release|Any CPU
		{65DB6718-E135-4E5B-A26E-4F5310F563FD}.Debug|Any CPU.ActiveCfg = Debug|Any CPU
		{65DB6718-E135-4E5B-A26E-4F5310F563FD}.Debug|Any CPU.Build.0 = Debug|Any CPU
		{65DB6718-E135-4E5B-A26E-4F5310F563FD}.DVD-5|Any CPU.ActiveCfg = Debug|Any CPU
		{65DB6718-E135-4E5B-A26E-4F5310F563FD}.DVD-5|Any CPU.Build.0 = Debug|Any CPU
		{65DB6718-E135-4E5B-A26E-4F5310F563FD}.Release|Any CPU.ActiveCfg = Release|Any CPU
		{65DB6718-E135-4E5B-A26E-4F5310F563FD}.Release|Any CPU.Build.0 = Release|Any CPU
		{65DB6718-E135-4E5B-A26E-4F5310F563FD}.SingleImage|Any CPU.ActiveCfg = Release|Any CPU
		{65DB6718-E135-4E5B-A26E-4F5310F563FD}.SingleImage|Any CPU.Build.0 = Release|Any CPU
		{454AD3DB-2AD1-4C1B-933D-E075637F4038}.CD_ROM|Any CPU.ActiveCfg = Release|Any CPU
		{454AD3DB-2AD1-4C1B-933D-E075637F4038}.CD_ROM|Any CPU.Build.0 = Release|Any CPU
		{454AD3DB-2AD1-4C1B-933D-E075637F4038}.Debug|Any CPU.ActiveCfg = Debug|Any CPU
		{454AD3DB-2AD1-4C1B-933D-E075637F4038}.Debug|Any CPU.Build.0 = Debug|Any CPU
		{454AD3DB-2AD1-4C1B-933D-E075637F4038}.DVD-5|Any CPU.ActiveCfg = Debug|Any CPU
		{454AD3DB-2AD1-4C1B-933D-E075637F4038}.DVD-5|Any CPU.Build.0 = Debug|Any CPU
		{454AD3DB-2AD1-4C1B-933D-E075637F4038}.Release|Any CPU.ActiveCfg = Release|Any CPU
		{454AD3DB-2AD1-4C1B-933D-E075637F4038}.Release|Any CPU.Build.0 = Release|Any CPU
		{454AD3DB-2AD1-4C1B-933D-E075637F4038}.SingleImage|Any CPU.ActiveCfg = Release|Any CPU
		{454AD3DB-2AD1-4C1B-933D-E075637F4038}.SingleImage|Any CPU.Build.0 = Release|Any CPU
		{5C42D31D-F2F4-4F11-9E83-AF68DAFB7F08}.CD_ROM|Any CPU.ActiveCfg = CD_ROM
		{5C42D31D-F2F4-4F11-9E83-AF68DAFB7F08}.CD_ROM|Any CPU.Build.0 = CD_ROM
		{5C42D31D-F2F4-4F11-9E83-AF68DAFB7F08}.Debug|Any CPU.ActiveCfg = DVD-5
		{5C42D31D-F2F4-4F11-9E83-AF68DAFB7F08}.Debug|Any CPU.Build.0 = DVD-5
		{5C42D31D-F2F4-4F11-9E83-AF68DAFB7F08}.DVD-5|Any CPU.ActiveCfg = DVD-5
		{5C42D31D-F2F4-4F11-9E83-AF68DAFB7F08}.DVD-5|Any CPU.Build.0 = DVD-5
		{5C42D31D-F2F4-4F11-9E83-AF68DAFB7F08}.Release|Any CPU.ActiveCfg = SingleImage
		{5C42D31D-F2F4-4F11-9E83-AF68DAFB7F08}.Release|Any CPU.Build.0 = SingleImage
		{5C42D31D-F2F4-4F11-9E83-AF68DAFB7F08}.SingleImage|Any CPU.ActiveCfg = SingleImage
		{5C42D31D-F2F4-4F11-9E83-AF68DAFB7F08}.SingleImage|Any CPU.Build.0 = SingleImage
	EndGlobalSection
	GlobalSection(SolutionProperties) = preSolution
		HideSolutionNode = FALSE
	EndGlobalSection
EndGlobal
