
Microsoft Visual Studio Solution File, Format Version 12.00
# Visual Studio 15
VisualStudioVersion = 15.0.27130.2026
MinimumVisualStudioVersion = 10.0.40219.1
Project("{FAE04EC0-301F-11D3-BF4B-00C04F79EFBC}") = "SimpleConfiguration", "SimpleConfiguration\SimpleConfiguration.csproj", "{A5F63EDD-EA6D-4FBD-9334-0A531E96A21A}"
EndProject
Global
	GlobalSection(SolutionConfigurationPlatforms) = preSolution
		Debug|Any CPU = Debug|Any CPU
		Release|Any CPU = Release|Any CPU
	EndGlobalSection
	GlobalSection(ProjectConfigurationPlatforms) = postSolution
		{A5F63EDD-EA6D-4FBD-9334-0A531E96A21A}.Debug|Any CPU.ActiveCfg = Debug|Any CPU
		{A5F63EDD-EA6D-4FBD-9334-0A531E96A21A}.Debug|Any CPU.Build.0 = Debug|Any CPU
		{A5F63EDD-EA6D-4FBD-9334-0A531E96A21A}.Release|Any CPU.ActiveCfg = Release|Any CPU
		{A5F63EDD-EA6D-4FBD-9334-0A531E96A21A}.Release|Any CPU.Build.0 = Release|Any CPU
	EndGlobalSection
	GlobalSection(SolutionProperties) = preSolution
		HideSolutionNode = FALSE
	EndGlobalSection
	GlobalSection(ExtensibilityGlobals) = postSolution
		SolutionGuid = {C6668D03-B4FF-4897-8500-D20816123AD7}
	EndGlobalSection
EndGlobal
