
Microsoft Visual Studio Solution File, Format Version 12.00
# Visual Studio 15
VisualStudioVersion = 15.0.27130.2026
MinimumVisualStudioVersion = 10.0.40219.1
Project("{FAE04EC0-301F-11D3-BF4B-00C04F79EFBC}") = "ComplexConfiguration", "ComplexConfiguration\ComplexConfiguration.csproj", "{D9CBC017-358E-490C-958A-49A4E3BE3A29}"
EndProject
Global
	GlobalSection(SolutionConfigurationPlatforms) = preSolution
		Debug|Any CPU = Debug|Any CPU
		Release|Any CPU = Release|Any CPU
	EndGlobalSection
	GlobalSection(ProjectConfigurationPlatforms) = postSolution
		{D9CBC017-358E-490C-958A-49A4E3BE3A29}.Debug|Any CPU.ActiveCfg = Debug|Any CPU
		{D9CBC017-358E-490C-958A-49A4E3BE3A29}.Debug|Any CPU.Build.0 = Debug|Any CPU
		{D9CBC017-358E-490C-958A-49A4E3BE3A29}.Release|Any CPU.ActiveCfg = Release|Any CPU
		{D9CBC017-358E-490C-958A-49A4E3BE3A29}.Release|Any CPU.Build.0 = Release|Any CPU
	EndGlobalSection
	GlobalSection(SolutionProperties) = preSolution
		HideSolutionNode = FALSE
	EndGlobalSection
	GlobalSection(ExtensibilityGlobals) = postSolution
		SolutionGuid = {3EE5C663-90BB-48B0-80C0-B21A31BE2CA5}
	EndGlobalSection
EndGlobal
